// !$*UTF8*$!
{
	archiveVersion = 1;
	classes = {
	};
	objectVersion = 51;
	objects = {

/* Begin PBXBuildFile section */
		3C0DF5140F38102ED6C2EF78 /* Pods_minum.framework in Frameworks */ = {isa = PBXBuildFile; fileRef = F9D0CBAC5FECED4D81C7EB3B /* Pods_minum.framework */; };
		60AF9D73246AB51B003764ED /* AppDelegate.swift in Sources */ = {isa = PBXBuildFile; fileRef = 60AF9D72246AB51B003764ED /* AppDelegate.swift */; };
		60AF9D75246AB51B003764ED /* SceneDelegate.swift in Sources */ = {isa = PBXBuildFile; fileRef = 60AF9D74246AB51B003764ED /* SceneDelegate.swift */; };
		60AF9D77246AB51B003764ED /* WaterViewController.swift in Sources */ = {isa = PBXBuildFile; fileRef = 60AF9D76246AB51B003764ED /* WaterViewController.swift */; };
		60AF9D79246AB51B003764ED /* DrinkViewController.swift in Sources */ = {isa = PBXBuildFile; fileRef = 60AF9D78246AB51B003764ED /* DrinkViewController.swift */; };
		60AF9D7C246AB51B003764ED /* Main.storyboard in Resources */ = {isa = PBXBuildFile; fileRef = 60AF9D7A246AB51B003764ED /* Main.storyboard */; };
		60AF9D7F246AB51B003764ED /* minum.xcdatamodeld in Sources */ = {isa = PBXBuildFile; fileRef = 60AF9D7D246AB51B003764ED /* minum.xcdatamodeld */; };
		60AF9D81246AB51F003764ED /* Assets.xcassets in Resources */ = {isa = PBXBuildFile; fileRef = 60AF9D80246AB51F003764ED /* Assets.xcassets */; };
		60AF9D84246AB51F003764ED /* LaunchScreen.storyboard in Resources */ = {isa = PBXBuildFile; fileRef = 60AF9D82246AB51F003764ED /* LaunchScreen.storyboard */; };
		60AF9D8C246ABADF003764ED /* InfoViewController.swift in Sources */ = {isa = PBXBuildFile; fileRef = 60AF9D8B246ABADF003764ED /* InfoViewController.swift */; };
		60AF9D8E246ABAFB003764ED /* HistoryViewController.swift in Sources */ = {isa = PBXBuildFile; fileRef = 60AF9D8D246ABAFB003764ED /* HistoryViewController.swift */; };
		60AF9D90246AC6E3003764ED /* SettingsViewController.swift in Sources */ = {isa = PBXBuildFile; fileRef = 60AF9D8F246AC6E3003764ED /* SettingsViewController.swift */; };
		60AF9D97246AF775003764ED /* OnBoarding.storyboard in Resources */ = {isa = PBXBuildFile; fileRef = 60AF9D96246AF775003764ED /* OnBoarding.storyboard */; };
		60AF9D99246AF785003764ED /* OnBoardingViewController.swift in Sources */ = {isa = PBXBuildFile; fileRef = 60AF9D98246AF785003764ED /* OnBoardingViewController.swift */; };
/* End PBXBuildFile section */

/* Begin PBXFileReference section */
		25DB2CC2BD2A65B4E260BD2F /* Pods-minum.release.xcconfig */ = {isa = PBXFileReference; includeInIndex = 1; lastKnownFileType = text.xcconfig; name = "Pods-minum.release.xcconfig"; path = "Target Support Files/Pods-minum/Pods-minum.release.xcconfig"; sourceTree = "<group>"; };
		60AF9D6F246AB51B003764ED /* minum.app */ = {isa = PBXFileReference; explicitFileType = wrapper.application; includeInIndex = 0; path = minum.app; sourceTree = BUILT_PRODUCTS_DIR; };
		60AF9D72246AB51B003764ED /* AppDelegate.swift */ = {isa = PBXFileReference; lastKnownFileType = sourcecode.swift; path = AppDelegate.swift; sourceTree = "<group>"; };
		60AF9D74246AB51B003764ED /* SceneDelegate.swift */ = {isa = PBXFileReference; lastKnownFileType = sourcecode.swift; path = SceneDelegate.swift; sourceTree = "<group>"; };
		60AF9D76246AB51B003764ED /* WaterViewController.swift */ = {isa = PBXFileReference; lastKnownFileType = sourcecode.swift; path = WaterViewController.swift; sourceTree = "<group>"; };
		60AF9D78246AB51B003764ED /* DrinkViewController.swift */ = {isa = PBXFileReference; lastKnownFileType = sourcecode.swift; path = DrinkViewController.swift; sourceTree = "<group>"; };
		60AF9D7B246AB51B003764ED /* Base */ = {isa = PBXFileReference; lastKnownFileType = file.storyboard; name = Base; path = Base.lproj/Main.storyboard; sourceTree = "<group>"; };
		60AF9D7E246AB51B003764ED /* minum.xcdatamodel */ = {isa = PBXFileReference; lastKnownFileType = wrapper.xcdatamodel; path = minum.xcdatamodel; sourceTree = "<group>"; };
		60AF9D80246AB51F003764ED /* Assets.xcassets */ = {isa = PBXFileReference; lastKnownFileType = folder.assetcatalog; path = Assets.xcassets; sourceTree = "<group>"; };
		60AF9D83246AB51F003764ED /* Base */ = {isa = PBXFileReference; lastKnownFileType = file.storyboard; name = Base; path = Base.lproj/LaunchScreen.storyboard; sourceTree = "<group>"; };
		60AF9D85246AB51F003764ED /* Info.plist */ = {isa = PBXFileReference; lastKnownFileType = text.plist.xml; path = Info.plist; sourceTree = "<group>"; };
		60AF9D8B246ABADF003764ED /* InfoViewController.swift */ = {isa = PBXFileReference; lastKnownFileType = sourcecode.swift; path = InfoViewController.swift; sourceTree = "<group>"; };
		60AF9D8D246ABAFB003764ED /* HistoryViewController.swift */ = {isa = PBXFileReference; lastKnownFileType = sourcecode.swift; path = HistoryViewController.swift; sourceTree = "<group>"; };
		60AF9D8F246AC6E3003764ED /* SettingsViewController.swift */ = {isa = PBXFileReference; lastKnownFileType = sourcecode.swift; path = SettingsViewController.swift; sourceTree = "<group>"; };
		60AF9D96246AF775003764ED /* OnBoarding.storyboard */ = {isa = PBXFileReference; lastKnownFileType = file.storyboard; path = OnBoarding.storyboard; sourceTree = "<group>"; };
		60AF9D98246AF785003764ED /* OnBoardingViewController.swift */ = {isa = PBXFileReference; lastKnownFileType = sourcecode.swift; path = OnBoardingViewController.swift; sourceTree = "<group>"; };
		F9D0CBAC5FECED4D81C7EB3B /* Pods_minum.framework */ = {isa = PBXFileReference; explicitFileType = wrapper.framework; includeInIndex = 0; path = Pods_minum.framework; sourceTree = BUILT_PRODUCTS_DIR; };
		FCFB09C6D8237923AD1E214F /* Pods-minum.debug.xcconfig */ = {isa = PBXFileReference; includeInIndex = 1; lastKnownFileType = text.xcconfig; name = "Pods-minum.debug.xcconfig"; path = "Target Support Files/Pods-minum/Pods-minum.debug.xcconfig"; sourceTree = "<group>"; };
/* End PBXFileReference section */

/* Begin PBXFrameworksBuildPhase section */
		60AF9D6C246AB51B003764ED /* Frameworks */ = {
			isa = PBXFrameworksBuildPhase;
			buildActionMask = 2147483647;
			files = (
				3C0DF5140F38102ED6C2EF78 /* Pods_minum.framework in Frameworks */,
			);
			runOnlyForDeploymentPostprocessing = 0;
		};
/* End PBXFrameworksBuildPhase section */

/* Begin PBXGroup section */
		5C2A6F837F4D87962D8DB71C /* Pods */ = {
			isa = PBXGroup;
			children = (
				FCFB09C6D8237923AD1E214F /* Pods-minum.debug.xcconfig */,
				25DB2CC2BD2A65B4E260BD2F /* Pods-minum.release.xcconfig */,
			);
			path = Pods;
			sourceTree = "<group>";
		};
		60AF9D66246AB51B003764ED = {
			isa = PBXGroup;
			children = (
				60AF9D71246AB51B003764ED /* minum */,
				60AF9D70246AB51B003764ED /* Products */,
				5C2A6F837F4D87962D8DB71C /* Pods */,
				755406D5728465BF3959F36C /* Frameworks */,
			);
			sourceTree = "<group>";
		};
		60AF9D70246AB51B003764ED /* Products */ = {
			isa = PBXGroup;
			children = (
				60AF9D6F246AB51B003764ED /* minum.app */,
			);
			name = Products;
			sourceTree = "<group>";
		};
		60AF9D71246AB51B003764ED /* minum */ = {
			isa = PBXGroup;
			children = (
				60AF9D91246AC8F4003764ED /* onboarding */,
				60AF9D72246AB51B003764ED /* AppDelegate.swift */,
				60AF9D74246AB51B003764ED /* SceneDelegate.swift */,
				60AF9D76246AB51B003764ED /* WaterViewController.swift */,
				60AF9D78246AB51B003764ED /* DrinkViewController.swift */,
				60AF9D7A246AB51B003764ED /* Main.storyboard */,
				60AF9D80246AB51F003764ED /* Assets.xcassets */,
				60AF9D82246AB51F003764ED /* LaunchScreen.storyboard */,
				60AF9D85246AB51F003764ED /* Info.plist */,
				60AF9D7D246AB51B003764ED /* minum.xcdatamodeld */,
				60AF9D8B246ABADF003764ED /* InfoViewController.swift */,
				60AF9D8D246ABAFB003764ED /* HistoryViewController.swift */,
				60AF9D8F246AC6E3003764ED /* SettingsViewController.swift */,
			);
			path = minum;
			sourceTree = "<group>";
		};
		60AF9D91246AC8F4003764ED /* onboarding */ = {
			isa = PBXGroup;
			children = (
				60AF9D96246AF775003764ED /* OnBoarding.storyboard */,
				60AF9D98246AF785003764ED /* OnBoardingViewController.swift */,
			);
			path = onboarding;
			sourceTree = "<group>";
		};
		755406D5728465BF3959F36C /* Frameworks */ = {
			isa = PBXGroup;
			children = (
				F9D0CBAC5FECED4D81C7EB3B /* Pods_minum.framework */,
			);
			name = Frameworks;
			sourceTree = "<group>";
		};
/* End PBXGroup section */

/* Begin PBXNativeTarget section */
		60AF9D6E246AB51B003764ED /* minum */ = {
			isa = PBXNativeTarget;
			buildConfigurationList = 60AF9D88246AB51F003764ED /* Build configuration list for PBXNativeTarget "minum" */;
			buildPhases = (
				A9F664316543AFA99954109E /* [CP] Check Pods Manifest.lock */,
				60AF9D6B246AB51B003764ED /* Sources */,
				60AF9D6C246AB51B003764ED /* Frameworks */,
				60AF9D6D246AB51B003764ED /* Resources */,
				82F30CA6469A43189A52273C /* [CP] Embed Pods Frameworks */,
			);
			buildRules = (
			);
			dependencies = (
			);
			name = minum;
			productName = minum;
			productReference = 60AF9D6F246AB51B003764ED /* minum.app */;
			productType = "com.apple.product-type.application";
		};
/* End PBXNativeTarget section */

/* Begin PBXProject section */
		60AF9D67246AB51B003764ED /* Project object */ = {
			isa = PBXProject;
			attributes = {
				LastSwiftUpdateCheck = 1140;
				LastUpgradeCheck = 1140;
				ORGANIZATIONNAME = "Ihwan ID";
				TargetAttributes = {
					60AF9D6E246AB51B003764ED = {
						CreatedOnToolsVersion = 11.4.1;
					};
				};
			};
			buildConfigurationList = 60AF9D6A246AB51B003764ED /* Build configuration list for PBXProject "minum" */;
			compatibilityVersion = "Xcode 9.3";
			developmentRegion = en;
			hasScannedForEncodings = 0;
			knownRegions = (
				en,
				Base,
			);
			mainGroup = 60AF9D66246AB51B003764ED;
			productRefGroup = 60AF9D70246AB51B003764ED /* Products */;
			projectDirPath = "";
			projectRoot = "";
			targets = (
				60AF9D6E246AB51B003764ED /* minum */,
			);
		};
/* End PBXProject section */

/* Begin PBXResourcesBuildPhase section */
		60AF9D6D246AB51B003764ED /* Resources */ = {
			isa = PBXResourcesBuildPhase;
			buildActionMask = 2147483647;
			files = (
				60AF9D84246AB51F003764ED /* LaunchScreen.storyboard in Resources */,
				60AF9D81246AB51F003764ED /* Assets.xcassets in Resources */,
				60AF9D7C246AB51B003764ED /* Main.storyboard in Resources */,
				60AF9D97246AF775003764ED /* OnBoarding.storyboard in Resources */,
			);
			runOnlyForDeploymentPostprocessing = 0;
		};
/* End PBXResourcesBuildPhase section */

/* Begin PBXShellScriptBuildPhase section */
		82F30CA6469A43189A52273C /* [CP] Embed Pods Frameworks */ = {
			isa = PBXShellScriptBuildPhase;
			buildActionMask = 2147483647;
			files = (
			);
			inputFileListPaths = (
				"${PODS_ROOT}/Target Support Files/Pods-minum/Pods-minum-frameworks-${CONFIGURATION}-input-files.xcfilelist",
			);
			name = "[CP] Embed Pods Frameworks";
			outputFileListPaths = (
				"${PODS_ROOT}/Target Support Files/Pods-minum/Pods-minum-frameworks-${CONFIGURATION}-output-files.xcfilelist",
			);
			runOnlyForDeploymentPostprocessing = 0;
			shellPath = /bin/sh;
			shellScript = "\"${PODS_ROOT}/Target Support Files/Pods-minum/Pods-minum-frameworks.sh\"\n";
			showEnvVarsInLog = 0;
		};
		A9F664316543AFA99954109E /* [CP] Check Pods Manifest.lock */ = {
			isa = PBXShellScriptBuildPhase;
			buildActionMask = 2147483647;
			files = (
			);
			inputFileListPaths = (
			);
			inputPaths = (
				"${PODS_PODFILE_DIR_PATH}/Podfile.lock",
				"${PODS_ROOT}/Manifest.lock",
			);
			name = "[CP] Check Pods Manifest.lock";
			outputFileListPaths = (
			);
			outputPaths = (
				"$(DERIVED_FILE_DIR)/Pods-minum-checkManifestLockResult.txt",
			);
			runOnlyForDeploymentPostprocessing = 0;
			shellPath = /bin/sh;
			shellScript = "diff \"${PODS_PODFILE_DIR_PATH}/Podfile.lock\" \"${PODS_ROOT}/Manifest.lock\" > /dev/null\nif [ $? != 0 ] ; then\n    # print error to STDERR\n    echo \"error: The sandbox is not in sync with the Podfile.lock. Run 'pod install' or update your CocoaPods installation.\" >&2\n    exit 1\nfi\n# This output is used by Xcode 'outputs' to avoid re-running this script phase.\necho \"SUCCESS\" > \"${SCRIPT_OUTPUT_FILE_0}\"\n";
			showEnvVarsInLog = 0;
		};
/* End PBXShellScriptBuildPhase section */

/* Begin PBXSourcesBuildPhase section */
		60AF9D6B246AB51B003764ED /* Sources */ = {
			isa = PBXSourcesBuildPhase;
			buildActionMask = 2147483647;
			files = (
				60AF9D79246AB51B003764ED /* DrinkViewController.swift in Sources */,
				60AF9D77246AB51B003764ED /* WaterViewController.swift in Sources */,
				60AF9D73246AB51B003764ED /* AppDelegate.swift in Sources */,
				60AF9D75246AB51B003764ED /* SceneDelegate.swift in Sources */,
				60AF9D8C246ABADF003764ED /* InfoViewController.swift in Sources */,
				60AF9D8E246ABAFB003764ED /* HistoryViewController.swift in Sources */,
				60AF9D99246AF785003764ED /* OnBoardingViewController.swift in Sources */,
				60AF9D7F246AB51B003764ED /* minum.xcdatamodeld in Sources */,
				60AF9D90246AC6E3003764ED /* SettingsViewController.swift in Sources */,
			);
			runOnlyForDeploymentPostprocessing = 0;
		};
/* End PBXSourcesBuildPhase section */

/* Begin PBXVariantGroup section */
		60AF9D7A246AB51B003764ED /* Main.storyboard */ = {
			isa = PBXVariantGroup;
			children = (
				60AF9D7B246AB51B003764ED /* Base */,
			);
			name = Main.storyboard;
			sourceTree = "<group>";
		};
		60AF9D82246AB51F003764ED /* LaunchScreen.storyboard */ = {
			isa = PBXVariantGroup;
			children = (
				60AF9D83246AB51F003764ED /* Base */,
			);
			name = LaunchScreen.storyboard;
			sourceTree = "<group>";
		};
/* End PBXVariantGroup section */

/* Begin XCBuildConfiguration section */
		60AF9D86246AB51F003764ED /* Debug */ = {
			isa = XCBuildConfiguration;
			buildSettings = {
				ALWAYS_SEARCH_USER_PATHS = NO;
				CLANG_ANALYZER_NONNULL = YES;
				CLANG_ANALYZER_NUMBER_OBJECT_CONVERSION = YES_AGGRESSIVE;
				CLANG_CXX_LANGUAGE_STANDARD = "gnu++14";
				CLANG_CXX_LIBRARY = "libc++";
				CLANG_ENABLE_MODULES = YES;
				CLANG_ENABLE_OBJC_ARC = YES;
				CLANG_ENABLE_OBJC_WEAK = YES;
				CLANG_WARN_BLOCK_CAPTURE_AUTORELEASING = YES;
				CLANG_WARN_BOOL_CONVERSION = YES;
				CLANG_WARN_COMMA = YES;
				CLANG_WARN_CONSTANT_CONVERSION = YES;
				CLANG_WARN_DEPRECATED_OBJC_IMPLEMENTATIONS = YES;
				CLANG_WARN_DIRECT_OBJC_ISA_USAGE = YES_ERROR;
				CLANG_WARN_DOCUMENTATION_COMMENTS = YES;
				CLANG_WARN_EMPTY_BODY = YES;
				CLANG_WARN_ENUM_CONVERSION = YES;
				CLANG_WARN_INFINITE_RECURSION = YES;
				CLANG_WARN_INT_CONVERSION = YES;
				CLANG_WARN_NON_LITERAL_NULL_CONVERSION = YES;
				CLANG_WARN_OBJC_IMPLICIT_RETAIN_SELF = YES;
				CLANG_WARN_OBJC_LITERAL_CONVERSION = YES;
				CLANG_WARN_OBJC_ROOT_CLASS = YES_ERROR;
				CLANG_WARN_RANGE_LOOP_ANALYSIS = YES;
				CLANG_WARN_STRICT_PROTOTYPES = YES;
				CLANG_WARN_SUSPICIOUS_MOVE = YES;
				CLANG_WARN_UNGUARDED_AVAILABILITY = YES_AGGRESSIVE;
				CLANG_WARN_UNREACHABLE_CODE = YES;
				CLANG_WARN__DUPLICATE_METHOD_MATCH = YES;
				COPY_PHASE_STRIP = NO;
				DEBUG_INFORMATION_FORMAT = dwarf;
				ENABLE_STRICT_OBJC_MSGSEND = YES;
				ENABLE_TESTABILITY = YES;
				GCC_C_LANGUAGE_STANDARD = gnu11;
				GCC_DYNAMIC_NO_PIC = NO;
				GCC_NO_COMMON_BLOCKS = YES;
				GCC_OPTIMIZATION_LEVEL = 0;
				GCC_PREPROCESSOR_DEFINITIONS = (
					"DEBUG=1",
					"$(inherited)",
				);
				GCC_WARN_64_TO_32_BIT_CONVERSION = YES;
				GCC_WARN_ABOUT_RETURN_TYPE = YES_ERROR;
				GCC_WARN_UNDECLARED_SELECTOR = YES;
				GCC_WARN_UNINITIALIZED_AUTOS = YES_AGGRESSIVE;
				GCC_WARN_UNUSED_FUNCTION = YES;
				GCC_WARN_UNUSED_VARIABLE = YES;
				IPHONEOS_DEPLOYMENT_TARGET = 13.4;
				MTL_ENABLE_DEBUG_INFO = INCLUDE_SOURCE;
				MTL_FAST_MATH = YES;
				ONLY_ACTIVE_ARCH = YES;
				SDKROOT = iphoneos;
				SWIFT_ACTIVE_COMPILATION_CONDITIONS = DEBUG;
				SWIFT_OPTIMIZATION_LEVEL = "-Onone";
			};
			name = Debug;
		};
		60AF9D87246AB51F003764ED /* Release */ = {
			isa = XCBuildConfiguration;
			buildSettings = {
				ALWAYS_SEARCH_USER_PATHS = NO;
				CLANG_ANALYZER_NONNULL = YES;
				CLANG_ANALYZER_NUMBER_OBJECT_CONVERSION = YES_AGGRESSIVE;
				CLANG_CXX_LANGUAGE_STANDARD = "gnu++14";
				CLANG_CXX_LIBRARY = "libc++";
				CLANG_ENABLE_MODULES = YES;
				CLANG_ENABLE_OBJC_ARC = YES;
				CLANG_ENABLE_OBJC_WEAK = YES;
				CLANG_WARN_BLOCK_CAPTURE_AUTORELEASING = YES;
				CLANG_WARN_BOOL_CONVERSION = YES;
				CLANG_WARN_COMMA = YES;
				CLANG_WARN_CONSTANT_CONVERSION = YES;
				CLANG_WARN_DEPRECATED_OBJC_IMPLEMENTATIONS = YES;
				CLANG_WARN_DIRECT_OBJC_ISA_USAGE = YES_ERROR;
				CLANG_WARN_DOCUMENTATION_COMMENTS = YES;
				CLANG_WARN_EMPTY_BODY = YES;
				CLANG_WARN_ENUM_CONVERSION = YES;
				CLANG_WARN_INFINITE_RECURSION = YES;
				CLANG_WARN_INT_CONVERSION = YES;
				CLANG_WARN_NON_LITERAL_NULL_CONVERSION = YES;
				CLANG_WARN_OBJC_IMPLICIT_RETAIN_SELF = YES;
				CLANG_WARN_OBJC_LITERAL_CONVERSION = YES;
				CLANG_WARN_OBJC_ROOT_CLASS = YES_ERROR;
				CLANG_WARN_RANGE_LOOP_ANALYSIS = YES;
				CLANG_WARN_STRICT_PROTOTYPES = YES;
				CLANG_WARN_SUSPICIOUS_MOVE = YES;
				CLANG_WARN_UNGUARDED_AVAILABILITY = YES_AGGRESSIVE;
				CLANG_WARN_UNREACHABLE_CODE = YES;
				CLANG_WARN__DUPLICATE_METHOD_MATCH = YES;
				COPY_PHASE_STRIP = NO;
				DEBUG_INFORMATION_FORMAT = "dwarf-with-dsym";
				ENABLE_NS_ASSERTIONS = NO;
				ENABLE_STRICT_OBJC_MSGSEND = YES;
				GCC_C_LANGUAGE_STANDARD = gnu11;
				GCC_NO_COMMON_BLOCKS = YES;
				GCC_WARN_64_TO_32_BIT_CONVERSION = YES;
				GCC_WARN_ABOUT_RETURN_TYPE = YES_ERROR;
				GCC_WARN_UNDECLARED_SELECTOR = YES;
				GCC_WARN_UNINITIALIZED_AUTOS = YES_AGGRESSIVE;
				GCC_WARN_UNUSED_FUNCTION = YES;
				GCC_WARN_UNUSED_VARIABLE = YES;
				IPHONEOS_DEPLOYMENT_TARGET = 13.4;
				MTL_ENABLE_DEBUG_INFO = NO;
				MTL_FAST_MATH = YES;
				SDKROOT = iphoneos;
				SWIFT_COMPILATION_MODE = wholemodule;
				SWIFT_OPTIMIZATION_LEVEL = "-O";
				VALIDATE_PRODUCT = YES;
			};
			name = Release;
		};
		60AF9D89246AB51F003764ED /* Debug */ = {
			isa = XCBuildConfiguration;
			baseConfigurationReference = FCFB09C6D8237923AD1E214F /* Pods-minum.debug.xcconfig */;
			buildSettings = {
				ASSETCATALOG_COMPILER_APPICON_NAME = AppIcon;
				CODE_SIGN_STYLE = Automatic;
				DEVELOPMENT_TEAM = TVFQAT4MZP;
				INFOPLIST_FILE = minum/Info.plist;
				LD_RUNPATH_SEARCH_PATHS = (
					"$(inherited)",
					"@executable_path/Frameworks",
				);
				PRODUCT_BUNDLE_IDENTIFIER = agent36.com.minum;
				PRODUCT_NAME = "$(TARGET_NAME)";
				SWIFT_VERSION = 5.0;
				TARGETED_DEVICE_FAMILY = "1,2";
			};
			name = Debug;
		};
		60AF9D8A246AB51F003764ED /* Release */ = {
			isa = XCBuildConfiguration;
			baseConfigurationReference = 25DB2CC2BD2A65B4E260BD2F /* Pods-minum.release.xcconfig */;
			buildSettings = {
				ASSETCATALOG_COMPILER_APPICON_NAME = AppIcon;
				CODE_SIGN_STYLE = Automatic;
				DEVELOPMENT_TEAM = TVFQAT4MZP;
				INFOPLIST_FILE = minum/Info.plist;
				LD_RUNPATH_SEARCH_PATHS = (
					"$(inherited)",
					"@executable_path/Frameworks",
				);
				PRODUCT_BUNDLE_IDENTIFIER = agent36.com.minum;
				PRODUCT_NAME = "$(TARGET_NAME)";
				SWIFT_VERSION = 5.0;
				TARGETED_DEVICE_FAMILY = "1,2";
			};
			name = Release;
		};
/* End XCBuildConfiguration section */

/* Begin XCConfigurationList section */
		60AF9D6A246AB51B003764ED /* Build configuration list for PBXProject "minum" */ = {
			isa = XCConfigurationList;
			buildConfigurations = (
				60AF9D86246AB51F003764ED /* Debug */,
				60AF9D87246AB51F003764ED /* Release */,
			);
			defaultConfigurationIsVisible = 0;
			defaultConfigurationName = Release;
		};
		60AF9D88246AB51F003764ED /* Build configuration list for PBXNativeTarget "minum" */ = {
			isa = XCConfigurationList;
			buildConfigurations = (
				60AF9D89246AB51F003764ED /* Debug */,
				60AF9D8A246AB51F003764ED /* Release */,
			);
			defaultConfigurationIsVisible = 0;
			defaultConfigurationName = Release;
		};
/* End XCConfigurationList section */

/* Begin XCVersionGroup section */
		60AF9D7D246AB51B003764ED /* minum.xcdatamodeld */ = {
			isa = XCVersionGroup;
			children = (
				60AF9D7E246AB51B003764ED /* minum.xcdatamodel */,
			);
			currentVersion = 60AF9D7E246AB51B003764ED /* minum.xcdatamodel */;
			path = minum.xcdatamodeld;
			sourceTree = "<group>";
			versionGroupType = wrapper.xcdatamodel;
		};
/* End XCVersionGroup section */
	};
	rootObject = 60AF9D67246AB51B003764ED /* Project object */;
}
